
Microsoft Visual Studio Solution File, Format Version 12.00
# Visual Studio Version 17
VisualStudioVersion = 17.0.32112.339
MinimumVisualStudioVersion = 10.0.40219.1
Project("{FAE04EC0-301F-11D3-BF4B-00C04F79EFBC}") = "StoreSystem", "StoreSystem.csproj", "{910BC6B6-BEC5-4AEA-A076-2D20AEADAAAD}"
EndProject
Global
	GlobalSection(SolutionConfigurationPlatforms) = preSolution
		Debug|Any CPU = Debug|Any CPU
		Release|Any CPU = Release|Any CPU
	EndGlobalSection
	GlobalSection(ProjectConfigurationPlatforms) = postSolution
		{910BC6B6-BEC5-4AEA-A076-2D20AEADAAAD}.Debug|Any CPU.ActiveCfg = Debug|Any CPU
		{910BC6B6-BEC5-4AEA-A076-2D20AEADAAAD}.Debug|Any CPU.Build.0 = Debug|Any CPU
		{910BC6B6-BEC5-4AEA-A076-2D20AEADAAAD}.Release|Any CPU.ActiveCfg = Release|Any CPU
		{910BC6B6-BEC5-4AEA-A076-2D20AEADAAAD}.Release|Any CPU.Build.0 = Release|Any CPU
	EndGlobalSection
	GlobalSection(SolutionProperties) = preSolution
		HideSolutionNode = FALSE
	EndGlobalSection
	GlobalSection(ExtensibilityGlobals) = postSolution
		SolutionGuid = {D1047FA5-6F18-4D82-B62A-A693C6DEA608}
	EndGlobalSection
EndGlobal
